// !$*UTF8*$!
{
	archiveVersion = 1;
	classes = {
	};
	objectVersion = 46;
	objects = {

/* Begin PBXBuildFile section */
		6F0B3B4318BB009400EAD304 /* KitchenVC.m in Sources */ = {isa = PBXBuildFile; fileRef = 6F0B3B4218BB009400EAD304 /* KitchenVC.m */; };
		6F0B3B4C18BB3BF300EAD304 /* KitchenCell.m in Sources */ = {isa = PBXBuildFile; fileRef = 6F0B3B4B18BB3BF300EAD304 /* KitchenCell.m */; };
		6F5B657118B70D8A00A7BBB5 /* NoteInputVC.m in Sources */ = {isa = PBXBuildFile; fileRef = 6F5B657018B70D8A00A7BBB5 /* NoteInputVC.m */; };
		6F5B657518B8CE2C00A7BBB5 /* BillVC.m in Sources */ = {isa = PBXBuildFile; fileRef = 6F5B657418B8CE2C00A7BBB5 /* BillVC.m */; };
		6F5B657B18B92EDA00A7BBB5 /* ChangeTableVC.m in Sources */ = {isa = PBXBuildFile; fileRef = 6F5B657A18B92EDA00A7BBB5 /* ChangeTableVC.m */; };
		6F98705A18B4BACA0065FA47 /* Foundation.framework in Frameworks */ = {isa = PBXBuildFile; fileRef = 6F98705918B4BACA0065FA47 /* Foundation.framework */; };
		6F98705C18B4BACA0065FA47 /* CoreGraphics.framework in Frameworks */ = {isa = PBXBuildFile; fileRef = 6F98705B18B4BACA0065FA47 /* CoreGraphics.framework */; };
		6F98705E18B4BACA0065FA47 /* UIKit.framework in Frameworks */ = {isa = PBXBuildFile; fileRef = 6F98705D18B4BACA0065FA47 /* UIKit.framework */; };
		6F98706418B4BACA0065FA47 /* InfoPlist.strings in Resources */ = {isa = PBXBuildFile; fileRef = 6F98706218B4BACA0065FA47 /* InfoPlist.strings */; };
		6F98706618B4BACA0065FA47 /* main.m in Sources */ = {isa = PBXBuildFile; fileRef = 6F98706518B4BACA0065FA47 /* main.m */; };
		6F98706A18B4BACA0065FA47 /* AppDelegate.m in Sources */ = {isa = PBXBuildFile; fileRef = 6F98706918B4BACA0065FA47 /* AppDelegate.m */; };
		6F98706D18B4BACA0065FA47 /* Main.storyboard in Resources */ = {isa = PBXBuildFile; fileRef = 6F98706B18B4BACA0065FA47 /* Main.storyboard */; };
		6F98707218B4BACA0065FA47 /* Images.xcassets in Resources */ = {isa = PBXBuildFile; fileRef = 6F98707118B4BACA0065FA47 /* Images.xcassets */; };
		6F98707918B4BACA0065FA47 /* XCTest.framework in Frameworks */ = {isa = PBXBuildFile; fileRef = 6F98707818B4BACA0065FA47 /* XCTest.framework */; };
		6F98707A18B4BACA0065FA47 /* Foundation.framework in Frameworks */ = {isa = PBXBuildFile; fileRef = 6F98705918B4BACA0065FA47 /* Foundation.framework */; };
		6F98707B18B4BACA0065FA47 /* UIKit.framework in Frameworks */ = {isa = PBXBuildFile; fileRef = 6F98705D18B4BACA0065FA47 /* UIKit.framework */; };
		6F98708318B4BACA0065FA47 /* InfoPlist.strings in Resources */ = {isa = PBXBuildFile; fileRef = 6F98708118B4BACA0065FA47 /* InfoPlist.strings */; };
		6F98708518B4BACA0065FA47 /* TOS4DesignTests.m in Sources */ = {isa = PBXBuildFile; fileRef = 6F98708418B4BACA0065FA47 /* TOS4DesignTests.m */; };
		6FC009AC18B5132400E94BD7 /* TableListVC.m in Sources */ = {isa = PBXBuildFile; fileRef = 6FC009AB18B5132400E94BD7 /* TableListVC.m */; };
		6FC009AF18B5134E00E94BD7 /* TableListCell.m in Sources */ = {isa = PBXBuildFile; fileRef = 6FC009AE18B5134E00E94BD7 /* TableListCell.m */; };
		6FC009B218B5145C00E94BD7 /* TableModel.m in Sources */ = {isa = PBXBuildFile; fileRef = 6FC009B118B5145C00E94BD7 /* TableModel.m */; };
		6FC009B818B517DE00E94BD7 /* OrderSplitVC.m in Sources */ = {isa = PBXBuildFile; fileRef = 6FC009B718B517DE00E94BD7 /* OrderSplitVC.m */; };
		6FC009BE18B5233600E94BD7 /* OrderListVC.m in Sources */ = {isa = PBXBuildFile; fileRef = 6FC009BD18B5233600E94BD7 /* OrderListVC.m */; };
		6FC009C118B5236500E94BD7 /* OrderListCell.m in Sources */ = {isa = PBXBuildFile; fileRef = 6FC009C018B5236500E94BD7 /* OrderListCell.m */; };
		6FC009C518B5C36E00E94BD7 /* OrderTransactionModel.m in Sources */ = {isa = PBXBuildFile; fileRef = 6FC009C418B5C36E00E94BD7 /* OrderTransactionModel.m */; };
		6FC009C818B5C3AF00E94BD7 /* OrderModel.m in Sources */ = {isa = PBXBuildFile; fileRef = 6FC009C718B5C3AF00E94BD7 /* OrderModel.m */; };
		6FC009CB18B5C3BF00E94BD7 /* ItemModel.m in Sources */ = {isa = PBXBuildFile; fileRef = 6FC009CA18B5C3BF00E94BD7 /* ItemModel.m */; };
		6FC009CF18B5DA2300E94BD7 /* DataController.m in Sources */ = {isa = PBXBuildFile; fileRef = 6FC009CE18B5DA2300E94BD7 /* DataController.m */; };
		6FC009D318B611B400E94BD7 /* ItemListVC.m in Sources */ = {isa = PBXBuildFile; fileRef = 6FC009D218B611B400E94BD7 /* ItemListVC.m */; };
		6FC05C1418B709E8009D7DA2 /* QuantityListVC.m in Sources */ = {isa = PBXBuildFile; fileRef = 6FC05C1318B709E8009D7DA2 /* QuantityListVC.m */; };
/* End PBXBuildFile section */

/* Begin PBXContainerItemProxy section */
		6F98707C18B4BACA0065FA47 /* PBXContainerItemProxy */ = {
			isa = PBXContainerItemProxy;
			containerPortal = 6F98704E18B4BAC90065FA47 /* Project object */;
			proxyType = 1;
			remoteGlobalIDString = 6F98705518B4BACA0065FA47;
			remoteInfo = TOS4Design;
		};
/* End PBXContainerItemProxy section */

/* Begin PBXFileReference section */
		6F0B3B4118BB009400EAD304 /* KitchenVC.h */ = {isa = PBXFileReference; fileEncoding = 4; lastKnownFileType = sourcecode.c.h; path = KitchenVC.h; sourceTree = "<group>"; };
		6F0B3B4218BB009400EAD304 /* KitchenVC.m */ = {isa = PBXFileReference; fileEncoding = 4; lastKnownFileType = sourcecode.c.objc; path = KitchenVC.m; sourceTree = "<group>"; };
		6F0B3B4A18BB3BF300EAD304 /* KitchenCell.h */ = {isa = PBXFileReference; fileEncoding = 4; lastKnownFileType = sourcecode.c.h; path = KitchenCell.h; sourceTree = "<group>"; };
		6F0B3B4B18BB3BF300EAD304 /* KitchenCell.m */ = {isa = PBXFileReference; fileEncoding = 4; lastKnownFileType = sourcecode.c.objc; path = KitchenCell.m; sourceTree = "<group>"; };
		6F5B656F18B70D8A00A7BBB5 /* NoteInputVC.h */ = {isa = PBXFileReference; fileEncoding = 4; lastKnownFileType = sourcecode.c.h; path = NoteInputVC.h; sourceTree = "<group>"; };
		6F5B657018B70D8A00A7BBB5 /* NoteInputVC.m */ = {isa = PBXFileReference; fileEncoding = 4; lastKnownFileType = sourcecode.c.objc; path = NoteInputVC.m; sourceTree = "<group>"; };
		6F5B657318B8CE2C00A7BBB5 /* BillVC.h */ = {isa = PBXFileReference; fileEncoding = 4; lastKnownFileType = sourcecode.c.h; path = BillVC.h; sourceTree = "<group>"; };
		6F5B657418B8CE2C00A7BBB5 /* BillVC.m */ = {isa = PBXFileReference; fileEncoding = 4; lastKnownFileType = sourcecode.c.objc; path = BillVC.m; sourceTree = "<group>"; };
		6F5B657918B92EDA00A7BBB5 /* ChangeTableVC.h */ = {isa = PBXFileReference; fileEncoding = 4; lastKnownFileType = sourcecode.c.h; path = ChangeTableVC.h; sourceTree = "<group>"; };
		6F5B657A18B92EDA00A7BBB5 /* ChangeTableVC.m */ = {isa = PBXFileReference; fileEncoding = 4; lastKnownFileType = sourcecode.c.objc; path = ChangeTableVC.m; sourceTree = "<group>"; };
		6F98705618B4BACA0065FA47 /* TOS4Design.app */ = {isa = PBXFileReference; explicitFileType = wrapper.application; includeInIndex = 0; path = TOS4Design.app; sourceTree = BUILT_PRODUCTS_DIR; };
		6F98705918B4BACA0065FA47 /* Foundation.framework */ = {isa = PBXFileReference; lastKnownFileType = wrapper.framework; name = Foundation.framework; path = System/Library/Frameworks/Foundation.framework; sourceTree = SDKROOT; };
		6F98705B18B4BACA0065FA47 /* CoreGraphics.framework */ = {isa = PBXFileReference; lastKnownFileType = wrapper.framework; name = CoreGraphics.framework; path = System/Library/Frameworks/CoreGraphics.framework; sourceTree = SDKROOT; };
		6F98705D18B4BACA0065FA47 /* UIKit.framework */ = {isa = PBXFileReference; lastKnownFileType = wrapper.framework; name = UIKit.framework; path = System/Library/Frameworks/UIKit.framework; sourceTree = SDKROOT; };
		6F98706118B4BACA0065FA47 /* TOS4Design-Info.plist */ = {isa = PBXFileReference; lastKnownFileType = text.plist.xml; path = "TOS4Design-Info.plist"; sourceTree = "<group>"; };
		6F98706318B4BACA0065FA47 /* en */ = {isa = PBXFileReference; lastKnownFileType = text.plist.strings; name = en; path = en.lproj/InfoPlist.strings; sourceTree = "<group>"; };
		6F98706518B4BACA0065FA47 /* main.m */ = {isa = PBXFileReference; lastKnownFileType = sourcecode.c.objc; path = main.m; sourceTree = "<group>"; };
		6F98706718B4BACA0065FA47 /* TOS4Design-Prefix.pch */ = {isa = PBXFileReference; lastKnownFileType = sourcecode.c.h; path = "TOS4Design-Prefix.pch"; sourceTree = "<group>"; };
		6F98706818B4BACA0065FA47 /* AppDelegate.h */ = {isa = PBXFileReference; lastKnownFileType = sourcecode.c.h; path = AppDelegate.h; sourceTree = "<group>"; };
		6F98706918B4BACA0065FA47 /* AppDelegate.m */ = {isa = PBXFileReference; lastKnownFileType = sourcecode.c.objc; path = AppDelegate.m; sourceTree = "<group>"; };
		6F98706C18B4BACA0065FA47 /* Base */ = {isa = PBXFileReference; lastKnownFileType = file.storyboard; name = Base; path = Base.lproj/Main.storyboard; sourceTree = "<group>"; };
		6F98707118B4BACA0065FA47 /* Images.xcassets */ = {isa = PBXFileReference; lastKnownFileType = folder.assetcatalog; path = Images.xcassets; sourceTree = "<group>"; };
		6F98707718B4BACA0065FA47 /* TOS4DesignTests.xctest */ = {isa = PBXFileReference; explicitFileType = wrapper.cfbundle; includeInIndex = 0; path = TOS4DesignTests.xctest; sourceTree = BUILT_PRODUCTS_DIR; };
		6F98707818B4BACA0065FA47 /* XCTest.framework */ = {isa = PBXFileReference; lastKnownFileType = wrapper.framework; name = XCTest.framework; path = Library/Frameworks/XCTest.framework; sourceTree = DEVELOPER_DIR; };
		6F98708018B4BACA0065FA47 /* TOS4DesignTests-Info.plist */ = {isa = PBXFileReference; lastKnownFileType = text.plist.xml; path = "TOS4DesignTests-Info.plist"; sourceTree = "<group>"; };
		6F98708218B4BACA0065FA47 /* en */ = {isa = PBXFileReference; lastKnownFileType = text.plist.strings; name = en; path = en.lproj/InfoPlist.strings; sourceTree = "<group>"; };
		6F98708418B4BACA0065FA47 /* TOS4DesignTests.m */ = {isa = PBXFileReference; lastKnownFileType = sourcecode.c.objc; path = TOS4DesignTests.m; sourceTree = "<group>"; };
		6FC009AA18B5132400E94BD7 /* TableListVC.h */ = {isa = PBXFileReference; fileEncoding = 4; lastKnownFileType = sourcecode.c.h; path = TableListVC.h; sourceTree = "<group>"; };
		6FC009AB18B5132400E94BD7 /* TableListVC.m */ = {isa = PBXFileReference; fileEncoding = 4; lastKnownFileType = sourcecode.c.objc; path = TableListVC.m; sourceTree = "<group>"; };
		6FC009AD18B5134E00E94BD7 /* TableListCell.h */ = {isa = PBXFileReference; fileEncoding = 4; lastKnownFileType = sourcecode.c.h; path = TableListCell.h; sourceTree = "<group>"; };
		6FC009AE18B5134E00E94BD7 /* TableListCell.m */ = {isa = PBXFileReference; fileEncoding = 4; lastKnownFileType = sourcecode.c.objc; path = TableListCell.m; sourceTree = "<group>"; };
		6FC009B018B5145C00E94BD7 /* TableModel.h */ = {isa = PBXFileReference; fileEncoding = 4; lastKnownFileType = sourcecode.c.h; path = TableModel.h; sourceTree = "<group>"; };
		6FC009B118B5145C00E94BD7 /* TableModel.m */ = {isa = PBXFileReference; fileEncoding = 4; lastKnownFileType = sourcecode.c.objc; path = TableModel.m; sourceTree = "<group>"; };
		6FC009B618B517DE00E94BD7 /* OrderSplitVC.h */ = {isa = PBXFileReference; fileEncoding = 4; lastKnownFileType = sourcecode.c.h; path = OrderSplitVC.h; sourceTree = "<group>"; };
		6FC009B718B517DE00E94BD7 /* OrderSplitVC.m */ = {isa = PBXFileReference; fileEncoding = 4; lastKnownFileType = sourcecode.c.objc; path = OrderSplitVC.m; sourceTree = "<group>"; };
		6FC009BC18B5233600E94BD7 /* OrderListVC.h */ = {isa = PBXFileReference; fileEncoding = 4; lastKnownFileType = sourcecode.c.h; path = OrderListVC.h; sourceTree = "<group>"; };
		6FC009BD18B5233600E94BD7 /* OrderListVC.m */ = {isa = PBXFileReference; fileEncoding = 4; lastKnownFileType = sourcecode.c.objc; path = OrderListVC.m; sourceTree = "<group>"; };
		6FC009BF18B5236500E94BD7 /* OrderListCell.h */ = {isa = PBXFileReference; fileEncoding = 4; lastKnownFileType = sourcecode.c.h; path = OrderListCell.h; sourceTree = "<group>"; };
		6FC009C018B5236500E94BD7 /* OrderListCell.m */ = {isa = PBXFileReference; fileEncoding = 4; lastKnownFileType = sourcecode.c.objc; path = OrderListCell.m; sourceTree = "<group>"; };
		6FC009C318B5C36E00E94BD7 /* OrderTransactionModel.h */ = {isa = PBXFileReference; fileEncoding = 4; lastKnownFileType = sourcecode.c.h; path = OrderTransactionModel.h; sourceTree = "<group>"; };
		6FC009C418B5C36E00E94BD7 /* OrderTransactionModel.m */ = {isa = PBXFileReference; fileEncoding = 4; lastKnownFileType = sourcecode.c.objc; path = OrderTransactionModel.m; sourceTree = "<group>"; };
		6FC009C618B5C3AF00E94BD7 /* OrderModel.h */ = {isa = PBXFileReference; fileEncoding = 4; lastKnownFileType = sourcecode.c.h; path = OrderModel.h; sourceTree = "<group>"; };
		6FC009C718B5C3AF00E94BD7 /* OrderModel.m */ = {isa = PBXFileReference; fileEncoding = 4; lastKnownFileType = sourcecode.c.objc; path = OrderModel.m; sourceTree = "<group>"; };
		6FC009C918B5C3BF00E94BD7 /* ItemModel.h */ = {isa = PBXFileReference; fileEncoding = 4; lastKnownFileType = sourcecode.c.h; path = ItemModel.h; sourceTree = "<group>"; };
		6FC009CA18B5C3BF00E94BD7 /* ItemModel.m */ = {isa = PBXFileReference; fileEncoding = 4; lastKnownFileType = sourcecode.c.objc; path = ItemModel.m; sourceTree = "<group>"; };
		6FC009CD18B5DA2300E94BD7 /* DataController.h */ = {isa = PBXFileReference; fileEncoding = 4; lastKnownFileType = sourcecode.c.h; path = DataController.h; sourceTree = "<group>"; };
		6FC009CE18B5DA2300E94BD7 /* DataController.m */ = {isa = PBXFileReference; fileEncoding = 4; lastKnownFileType = sourcecode.c.objc; path = DataController.m; sourceTree = "<group>"; };
		6FC009D118B611B400E94BD7 /* ItemListVC.h */ = {isa = PBXFileReference; fileEncoding = 4; lastKnownFileType = sourcecode.c.h; path = ItemListVC.h; sourceTree = "<group>"; };
		6FC009D218B611B400E94BD7 /* ItemListVC.m */ = {isa = PBXFileReference; fileEncoding = 4; lastKnownFileType = sourcecode.c.objc; path = ItemListVC.m; sourceTree = "<group>"; };
		6FC05C1218B709E8009D7DA2 /* QuantityListVC.h */ = {isa = PBXFileReference; fileEncoding = 4; lastKnownFileType = sourcecode.c.h; path = QuantityListVC.h; sourceTree = "<group>"; };
		6FC05C1318B709E8009D7DA2 /* QuantityListVC.m */ = {isa = PBXFileReference; fileEncoding = 4; lastKnownFileType = sourcecode.c.objc; path = QuantityListVC.m; sourceTree = "<group>"; };
/* End PBXFileReference section */

/* Begin PBXFrameworksBuildPhase section */
		6F98705318B4BACA0065FA47 /* Frameworks */ = {
			isa = PBXFrameworksBuildPhase;
			buildActionMask = 2147483647;
			files = (
				6F98705C18B4BACA0065FA47 /* CoreGraphics.framework in Frameworks */,
				6F98705E18B4BACA0065FA47 /* UIKit.framework in Frameworks */,
				6F98705A18B4BACA0065FA47 /* Foundation.framework in Frameworks */,
			);
			runOnlyForDeploymentPostprocessing = 0;
		};
		6F98707418B4BACA0065FA47 /* Frameworks */ = {
			isa = PBXFrameworksBuildPhase;
			buildActionMask = 2147483647;
			files = (
				6F98707918B4BACA0065FA47 /* XCTest.framework in Frameworks */,
				6F98707B18B4BACA0065FA47 /* UIKit.framework in Frameworks */,
				6F98707A18B4BACA0065FA47 /* Foundation.framework in Frameworks */,
			);
			runOnlyForDeploymentPostprocessing = 0;
		};
/* End PBXFrameworksBuildPhase section */

/* Begin PBXGroup section */
		6F98704D18B4BAC90065FA47 = {
			isa = PBXGroup;
			children = (
				6F98705F18B4BACA0065FA47 /* TOS4Design */,
				6F98707E18B4BACA0065FA47 /* TOS4DesignTests */,
				6F98705818B4BACA0065FA47 /* Frameworks */,
				6F98705718B4BACA0065FA47 /* Products */,
			);
			sourceTree = "<group>";
		};
		6F98705718B4BACA0065FA47 /* Products */ = {
			isa = PBXGroup;
			children = (
				6F98705618B4BACA0065FA47 /* TOS4Design.app */,
				6F98707718B4BACA0065FA47 /* TOS4DesignTests.xctest */,
			);
			name = Products;
			sourceTree = "<group>";
		};
		6F98705818B4BACA0065FA47 /* Frameworks */ = {
			isa = PBXGroup;
			children = (
				6F98705918B4BACA0065FA47 /* Foundation.framework */,
				6F98705B18B4BACA0065FA47 /* CoreGraphics.framework */,
				6F98705D18B4BACA0065FA47 /* UIKit.framework */,
				6F98707818B4BACA0065FA47 /* XCTest.framework */,
			);
			name = Frameworks;
			sourceTree = "<group>";
		};
		6F98705F18B4BACA0065FA47 /* TOS4Design */ = {
			isa = PBXGroup;
			children = (
				6FC009D018B5E36300E94BD7 /* GUI */,
				6FC009CC18B5D9F900E94BD7 /* Service */,
				6FC009C218B5C09500E94BD7 /* Model */,
				6F98706818B4BACA0065FA47 /* AppDelegate.h */,
				6F98706918B4BACA0065FA47 /* AppDelegate.m */,
				6F98707118B4BACA0065FA47 /* Images.xcassets */,
				6F98706018B4BACA0065FA47 /* Supporting Files */,
			);
			path = TOS4Design;
			sourceTree = "<group>";
		};
		6F98706018B4BACA0065FA47 /* Supporting Files */ = {
			isa = PBXGroup;
			children = (
				6F98706118B4BACA0065FA47 /* TOS4Design-Info.plist */,
				6F98706218B4BACA0065FA47 /* InfoPlist.strings */,
				6F98706518B4BACA0065FA47 /* main.m */,
				6F98706718B4BACA0065FA47 /* TOS4Design-Prefix.pch */,
			);
			name = "Supporting Files";
			sourceTree = "<group>";
		};
		6F98707E18B4BACA0065FA47 /* TOS4DesignTests */ = {
			isa = PBXGroup;
			children = (
				6F98708418B4BACA0065FA47 /* TOS4DesignTests.m */,
				6F98707F18B4BACA0065FA47 /* Supporting Files */,
			);
			path = TOS4DesignTests;
			sourceTree = "<group>";
		};
		6F98707F18B4BACA0065FA47 /* Supporting Files */ = {
			isa = PBXGroup;
			children = (
				6F98708018B4BACA0065FA47 /* TOS4DesignTests-Info.plist */,
				6F98708118B4BACA0065FA47 /* InfoPlist.strings */,
			);
			name = "Supporting Files";
			sourceTree = "<group>";
		};
		6FC009C218B5C09500E94BD7 /* Model */ = {
			isa = PBXGroup;
			children = (
				6FC009B018B5145C00E94BD7 /* TableModel.h */,
				6FC009B118B5145C00E94BD7 /* TableModel.m */,
				6FC009C318B5C36E00E94BD7 /* OrderTransactionModel.h */,
				6FC009C418B5C36E00E94BD7 /* OrderTransactionModel.m */,
				6FC009C618B5C3AF00E94BD7 /* OrderModel.h */,
				6FC009C718B5C3AF00E94BD7 /* OrderModel.m */,
				6FC009C918B5C3BF00E94BD7 /* ItemModel.h */,
				6FC009CA18B5C3BF00E94BD7 /* ItemModel.m */,
			);
			name = Model;
			sourceTree = "<group>";
		};
		6FC009CC18B5D9F900E94BD7 /* Service */ = {
			isa = PBXGroup;
			children = (
				6FC009CD18B5DA2300E94BD7 /* DataController.h */,
				6FC009CE18B5DA2300E94BD7 /* DataController.m */,
			);
			name = Service;
			sourceTree = "<group>";
		};
		6FC009D018B5E36300E94BD7 /* GUI */ = {
			isa = PBXGroup;
			children = (
				6FC009B618B517DE00E94BD7 /* OrderSplitVC.h */,
				6FC009B718B517DE00E94BD7 /* OrderSplitVC.m */,
				6FC009AA18B5132400E94BD7 /* TableListVC.h */,
				6FC009AB18B5132400E94BD7 /* TableListVC.m */,
				6FC009AD18B5134E00E94BD7 /* TableListCell.h */,
				6FC009AE18B5134E00E94BD7 /* TableListCell.m */,
				6FC009BC18B5233600E94BD7 /* OrderListVC.h */,
				6FC009BD18B5233600E94BD7 /* OrderListVC.m */,
				6FC009BF18B5236500E94BD7 /* OrderListCell.h */,
				6FC009C018B5236500E94BD7 /* OrderListCell.m */,
				6FC009D118B611B400E94BD7 /* ItemListVC.h */,
				6FC009D218B611B400E94BD7 /* ItemListVC.m */,
				6FC05C1218B709E8009D7DA2 /* QuantityListVC.h */,
				6FC05C1318B709E8009D7DA2 /* QuantityListVC.m */,
				6F5B656F18B70D8A00A7BBB5 /* NoteInputVC.h */,
				6F5B657018B70D8A00A7BBB5 /* NoteInputVC.m */,
				6F5B657318B8CE2C00A7BBB5 /* BillVC.h */,
				6F5B657418B8CE2C00A7BBB5 /* BillVC.m */,
				6F5B657918B92EDA00A7BBB5 /* ChangeTableVC.h */,
				6F5B657A18B92EDA00A7BBB5 /* ChangeTableVC.m */,
				6F98706B18B4BACA0065FA47 /* Main.storyboard */,
				6F0B3B4118BB009400EAD304 /* KitchenVC.h */,
				6F0B3B4218BB009400EAD304 /* KitchenVC.m */,
				6F0B3B4A18BB3BF300EAD304 /* KitchenCell.h */,
				6F0B3B4B18BB3BF300EAD304 /* KitchenCell.m */,
			);
			name = GUI;
			sourceTree = "<group>";
		};
/* End PBXGroup section */

/* Begin PBXNativeTarget section */
		6F98705518B4BACA0065FA47 /* TOS4Design */ = {
			isa = PBXNativeTarget;
			buildConfigurationList = 6F98708818B4BACA0065FA47 /* Build configuration list for PBXNativeTarget "TOS4Design" */;
			buildPhases = (
				6F98705218B4BACA0065FA47 /* Sources */,
				6F98705318B4BACA0065FA47 /* Frameworks */,
				6F98705418B4BACA0065FA47 /* Resources */,
			);
			buildRules = (
			);
			dependencies = (
			);
			name = TOS4Design;
			productName = TOS4Design;
			productReference = 6F98705618B4BACA0065FA47 /* TOS4Design.app */;
			productType = "com.apple.product-type.application";
		};
		6F98707618B4BACA0065FA47 /* TOS4DesignTests */ = {
			isa = PBXNativeTarget;
			buildConfigurationList = 6F98708B18B4BACA0065FA47 /* Build configuration list for PBXNativeTarget "TOS4DesignTests" */;
			buildPhases = (
				6F98707318B4BACA0065FA47 /* Sources */,
				6F98707418B4BACA0065FA47 /* Frameworks */,
				6F98707518B4BACA0065FA47 /* Resources */,
			);
			buildRules = (
			);
			dependencies = (
				6F98707D18B4BACA0065FA47 /* PBXTargetDependency */,
			);
			name = TOS4DesignTests;
			productName = TOS4DesignTests;
			productReference = 6F98707718B4BACA0065FA47 /* TOS4DesignTests.xctest */;
			productType = "com.apple.product-type.bundle.unit-test";
		};
/* End PBXNativeTarget section */

/* Begin PBXProject section */
		6F98704E18B4BAC90065FA47 /* Project object */ = {
			isa = PBXProject;
			attributes = {
				LastUpgradeCheck = 0500;
				ORGANIZATIONNAME = csnguyen;
				TargetAttributes = {
					6F98705518B4BACA0065FA47 = {
						DevelopmentTeam = G2GC7XBAJ2;
					};
					6F98707618B4BACA0065FA47 = {
						TestTargetID = 6F98705518B4BACA0065FA47;
					};
				};
			};
			buildConfigurationList = 6F98705118B4BACA0065FA47 /* Build configuration list for PBXProject "TOS4Design" */;
			compatibilityVersion = "Xcode 3.2";
			developmentRegion = English;
			hasScannedForEncodings = 0;
			knownRegions = (
				en,
				Base,
			);
			mainGroup = 6F98704D18B4BAC90065FA47;
			productRefGroup = 6F98705718B4BACA0065FA47 /* Products */;
			projectDirPath = "";
			projectRoot = "";
			targets = (
				6F98705518B4BACA0065FA47 /* TOS4Design */,
				6F98707618B4BACA0065FA47 /* TOS4DesignTests */,
			);
		};
/* End PBXProject section */

/* Begin PBXResourcesBuildPhase section */
		6F98705418B4BACA0065FA47 /* Resources */ = {
			isa = PBXResourcesBuildPhase;
			buildActionMask = 2147483647;
			files = (
				6F98707218B4BACA0065FA47 /* Images.xcassets in Resources */,
				6F98706418B4BACA0065FA47 /* InfoPlist.strings in Resources */,
				6F98706D18B4BACA0065FA47 /* Main.storyboard in Resources */,
			);
			runOnlyForDeploymentPostprocessing = 0;
		};
		6F98707518B4BACA0065FA47 /* Resources */ = {
			isa = PBXResourcesBuildPhase;
			buildActionMask = 2147483647;
			files = (
				6F98708318B4BACA0065FA47 /* InfoPlist.strings in Resources */,
			);
			runOnlyForDeploymentPostprocessing = 0;
		};
/* End PBXResourcesBuildPhase section */

/* Begin PBXSourcesBuildPhase section */
		6F98705218B4BACA0065FA47 /* Sources */ = {
			isa = PBXSourcesBuildPhase;
			buildActionMask = 2147483647;
			files = (
				6F0B3B4C18BB3BF300EAD304 /* KitchenCell.m in Sources */,
				6FC009AC18B5132400E94BD7 /* TableListVC.m in Sources */,
				6F0B3B4318BB009400EAD304 /* KitchenVC.m in Sources */,
				6F98706A18B4BACA0065FA47 /* AppDelegate.m in Sources */,
				6FC009C818B5C3AF00E94BD7 /* OrderModel.m in Sources */,
				6FC009CB18B5C3BF00E94BD7 /* ItemModel.m in Sources */,
				6FC009D318B611B400E94BD7 /* ItemListVC.m in Sources */,
				6FC05C1418B709E8009D7DA2 /* QuantityListVC.m in Sources */,
				6FC009C118B5236500E94BD7 /* OrderListCell.m in Sources */,
				6F5B657B18B92EDA00A7BBB5 /* ChangeTableVC.m in Sources */,
				6FC009CF18B5DA2300E94BD7 /* DataController.m in Sources */,
				6FC009AF18B5134E00E94BD7 /* TableListCell.m in Sources */,
				6FC009B218B5145C00E94BD7 /* TableModel.m in Sources */,
				6F5B657118B70D8A00A7BBB5 /* NoteInputVC.m in Sources */,
				6FC009B818B517DE00E94BD7 /* OrderSplitVC.m in Sources */,
				6FC009BE18B5233600E94BD7 /* OrderListVC.m in Sources */,
				6FC009C518B5C36E00E94BD7 /* OrderTransactionModel.m in Sources */,
				6F98706618B4BACA0065FA47 /* main.m in Sources */,
				6F5B657518B8CE2C00A7BBB5 /* BillVC.m in Sources */,
			);
			runOnlyForDeploymentPostprocessing = 0;
		};
		6F98707318B4BACA0065FA47 /* Sources */ = {
			isa = PBXSourcesBuildPhase;
			buildActionMask = 2147483647;
			files = (
				6F98708518B4BACA0065FA47 /* TOS4DesignTests.m in Sources */,
			);
			runOnlyForDeploymentPostprocessing = 0;
		};
/* End PBXSourcesBuildPhase section */

/* Begin PBXTargetDependency section */
		6F98707D18B4BACA0065FA47 /* PBXTargetDependency */ = {
			isa = PBXTargetDependency;
			target = 6F98705518B4BACA0065FA47 /* TOS4Design */;
			targetProxy = 6F98707C18B4BACA0065FA47 /* PBXContainerItemProxy */;
		};
/* End PBXTargetDependency section */

/* Begin PBXVariantGroup section */
		6F98706218B4BACA0065FA47 /* InfoPlist.strings */ = {
			isa = PBXVariantGroup;
			children = (
				6F98706318B4BACA0065FA47 /* en */,
			);
			name = InfoPlist.strings;
			sourceTree = "<group>";
		};
		6F98706B18B4BACA0065FA47 /* Main.storyboard */ = {
			isa = PBXVariantGroup;
			children = (
				6F98706C18B4BACA0065FA47 /* Base */,
			);
			name = Main.storyboard;
			sourceTree = "<group>";
		};
		6F98708118B4BACA0065FA47 /* InfoPlist.strings */ = {
			isa = PBXVariantGroup;
			children = (
				6F98708218B4BACA0065FA47 /* en */,
			);
			name = InfoPlist.strings;
			sourceTree = "<group>";
		};
/* End PBXVariantGroup section */

/* Begin XCBuildConfiguration section */
		6F98708618B4BACA0065FA47 /* Debug */ = {
			isa = XCBuildConfiguration;
			buildSettings = {
				ALWAYS_SEARCH_USER_PATHS = NO;
				ARCHS = "$(ARCHS_STANDARD_INCLUDING_64_BIT)";
				CLANG_CXX_LANGUAGE_STANDARD = "gnu++0x";
				CLANG_CXX_LIBRARY = "libc++";
				CLANG_ENABLE_MODULES = YES;
				CLANG_ENABLE_OBJC_ARC = YES;
				CLANG_WARN_BOOL_CONVERSION = YES;
				CLANG_WARN_CONSTANT_CONVERSION = YES;
				CLANG_WARN_DIRECT_OBJC_ISA_USAGE = YES_ERROR;
				CLANG_WARN_EMPTY_BODY = YES;
				CLANG_WARN_ENUM_CONVERSION = YES;
				CLANG_WARN_INT_CONVERSION = YES;
				CLANG_WARN_OBJC_ROOT_CLASS = YES_ERROR;
				CLANG_WARN__DUPLICATE_METHOD_MATCH = YES;
				"CODE_SIGN_IDENTITY[sdk=iphoneos*]" = "iPhone Developer";
				COPY_PHASE_STRIP = NO;
				GCC_C_LANGUAGE_STANDARD = gnu99;
				GCC_DYNAMIC_NO_PIC = NO;
				GCC_OPTIMIZATION_LEVEL = 0;
				GCC_PREPROCESSOR_DEFINITIONS = (
					"DEBUG=1",
					"$(inherited)",
				);
				GCC_SYMBOLS_PRIVATE_EXTERN = NO;
				GCC_WARN_64_TO_32_BIT_CONVERSION = YES;
				GCC_WARN_ABOUT_RETURN_TYPE = YES_ERROR;
				GCC_WARN_UNDECLARED_SELECTOR = YES;
				GCC_WARN_UNINITIALIZED_AUTOS = YES;
				GCC_WARN_UNUSED_FUNCTION = YES;
				GCC_WARN_UNUSED_VARIABLE = YES;
				IPHONEOS_DEPLOYMENT_TARGET = 7.0;
				ONLY_ACTIVE_ARCH = YES;
				SDKROOT = iphoneos;
				TARGETED_DEVICE_FAMILY = 2;
			};
			name = Debug;
		};
		6F98708718B4BACA0065FA47 /* Release */ = {
			isa = XCBuildConfiguration;
			buildSettings = {
				ALWAYS_SEARCH_USER_PATHS = NO;
				ARCHS = "$(ARCHS_STANDARD_INCLUDING_64_BIT)";
				CLANG_CXX_LANGUAGE_STANDARD = "gnu++0x";
				CLANG_CXX_LIBRARY = "libc++";
				CLANG_ENABLE_MODULES = YES;
				CLANG_ENABLE_OBJC_ARC = YES;
				CLANG_WARN_BOOL_CONVERSION = YES;
				CLANG_WARN_CONSTANT_CONVERSION = YES;
				CLANG_WARN_DIRECT_OBJC_ISA_USAGE = YES_ERROR;
				CLANG_WARN_EMPTY_BODY = YES;
				CLANG_WARN_ENUM_CONVERSION = YES;
				CLANG_WARN_INT_CONVERSION = YES;
				CLANG_WARN_OBJC_ROOT_CLASS = YES_ERROR;
				CLANG_WARN__DUPLICATE_METHOD_MATCH = YES;
				"CODE_SIGN_IDENTITY[sdk=iphoneos*]" = "iPhone Developer";
				COPY_PHASE_STRIP = YES;
				ENABLE_NS_ASSERTIONS = NO;
				GCC_C_LANGUAGE_STANDARD = gnu99;
				GCC_WARN_64_TO_32_BIT_CONVERSION = YES;
				GCC_WARN_ABOUT_RETURN_TYPE = YES_ERROR;
				GCC_WARN_UNDECLARED_SELECTOR = YES;
				GCC_WARN_UNINITIALIZED_AUTOS = YES;
				GCC_WARN_UNUSED_FUNCTION = YES;
				GCC_WARN_UNUSED_VARIABLE = YES;
				IPHONEOS_DEPLOYMENT_TARGET = 7.0;
				SDKROOT = iphoneos;
				TARGETED_DEVICE_FAMILY = 2;
				VALIDATE_PRODUCT = YES;
			};
			name = Release;
		};
		6F98708918B4BACA0065FA47 /* Debug */ = {
			isa = XCBuildConfiguration;
			buildSettings = {
				ASSETCATALOG_COMPILER_APPICON_NAME = AppIcon;
				ASSETCATALOG_COMPILER_LAUNCHIMAGE_NAME = LaunchImage;
				CODE_SIGN_IDENTITY = "iPhone Developer";
				"CODE_SIGN_IDENTITY[sdk=iphoneos*]" = "iPhone Developer";
				GCC_PRECOMPILE_PREFIX_HEADER = YES;
				GCC_PREFIX_HEADER = "TOS4Design/TOS4Design-Prefix.pch";
				INFOPLIST_FILE = "TOS4Design/TOS4Design-Info.plist";
				PRODUCT_NAME = "$(TARGET_NAME)";
				PROVISIONING_PROFILE = "";
				WRAPPER_EXTENSION = app;
			};
			name = Debug;
		};
		6F98708A18B4BACA0065FA47 /* Release */ = {
			isa = XCBuildConfiguration;
			buildSettings = {
				ASSETCATALOG_COMPILER_APPICON_NAME = AppIcon;
				ASSETCATALOG_COMPILER_LAUNCHIMAGE_NAME = LaunchImage;
				CODE_SIGN_IDENTITY = "iPhone Developer";
				"CODE_SIGN_IDENTITY[sdk=iphoneos*]" = "iPhone Developer";
				GCC_PRECOMPILE_PREFIX_HEADER = YES;
				GCC_PREFIX_HEADER = "TOS4Design/TOS4Design-Prefix.pch";
				INFOPLIST_FILE = "TOS4Design/TOS4Design-Info.plist";
				PRODUCT_NAME = "$(TARGET_NAME)";
				PROVISIONING_PROFILE = "";
				WRAPPER_EXTENSION = app;
			};
			name = Release;
		};
		6F98708C18B4BACA0065FA47 /* Debug */ = {
			isa = XCBuildConfiguration;
			buildSettings = {
				ARCHS = "$(ARCHS_STANDARD_INCLUDING_64_BIT)";
				BUNDLE_LOADER = "$(BUILT_PRODUCTS_DIR)/TOS4Design.app/TOS4Design";
				FRAMEWORK_SEARCH_PATHS = (
					"$(SDKROOT)/Developer/Library/Frameworks",
					"$(inherited)",
					"$(DEVELOPER_FRAMEWORKS_DIR)",
				);
				GCC_PRECOMPILE_PREFIX_HEADER = YES;
				GCC_PREFIX_HEADER = "TOS4Design/TOS4Design-Prefix.pch";
				GCC_PREPROCESSOR_DEFINITIONS = (
					"DEBUG=1",
					"$(inherited)",
				);
				INFOPLIST_FILE = "TOS4DesignTests/TOS4DesignTests-Info.plist";
				PRODUCT_NAME = "$(TARGET_NAME)";
				TEST_HOST = "$(BUNDLE_LOADER)";
				WRAPPER_EXTENSION = xctest;
			};
			name = Debug;
		};
		6F98708D18B4BACA0065FA47 /* Release */ = {
			isa = XCBuildConfiguration;
			buildSettings = {
				ARCHS = "$(ARCHS_STANDARD_INCLUDING_64_BIT)";
				BUNDLE_LOADER = "$(BUILT_PRODUCTS_DIR)/TOS4Design.app/TOS4Design";
				FRAMEWORK_SEARCH_PATHS = (
					"$(SDKROOT)/Developer/Library/Frameworks",
					"$(inherited)",
					"$(DEVELOPER_FRAMEWORKS_DIR)",
				);
				GCC_PRECOMPILE_PREFIX_HEADER = YES;
				GCC_PREFIX_HEADER = "TOS4Design/TOS4Design-Prefix.pch";
				INFOPLIST_FILE = "TOS4DesignTests/TOS4DesignTests-Info.plist";
				PRODUCT_NAME = "$(TARGET_NAME)";
				TEST_HOST = "$(BUNDLE_LOADER)";
				WRAPPER_EXTENSION = xctest;
			};
			name = Release;
		};
/* End XCBuildConfiguration section */

/* Begin XCConfigurationList section */
		6F98705118B4BACA0065FA47 /* Build configuration list for PBXProject "TOS4Design" */ = {
			isa = XCConfigurationList;
			buildConfigurations = (
				6F98708618B4BACA0065FA47 /* Debug */,
				6F98708718B4BACA0065FA47 /* Release */,
			);
			defaultConfigurationIsVisible = 0;
			defaultConfigurationName = Release;
		};
		6F98708818B4BACA0065FA47 /* Build configuration list for PBXNativeTarget "TOS4Design" */ = {
			isa = XCConfigurationList;
			buildConfigurations = (
				6F98708918B4BACA0065FA47 /* Debug */,
				6F98708A18B4BACA0065FA47 /* Release */,
			);
			defaultConfigurationIsVisible = 0;
			defaultConfigurationName = Release;
		};
		6F98708B18B4BACA0065FA47 /* Build configuration list for PBXNativeTarget "TOS4DesignTests" */ = {
			isa = XCConfigurationList;
			buildConfigurations = (
				6F98708C18B4BACA0065FA47 /* Debug */,
				6F98708D18B4BACA0065FA47 /* Release */,
			);
			defaultConfigurationIsVisible = 0;
			defaultConfigurationName = Release;
		};
/* End XCConfigurationList section */
	};
	rootObject = 6F98704E18B4BAC90065FA47 /* Project object */;
}
